<?xml version="1.0" encoding="utf-8"?>
<Project ToolsVersion="4.0" xmlns="http://schemas.microsoft.com/developer/msbuild/2003">
  <ItemGroup>
    <Filter Include="Исходные файлы">
      <UniqueIdentifier>{4FC737F1-C7A5-4376-A066-2A32D752A2FF}</UniqueIdentifier>
      <Extensions>cpp;c;cc;cxx;c++;cppm;ixx;def;odl;idl;hpj;bat;asm;asmx</Extensions>
    </Filter>
    <Filter Include="Файлы заголовков">
      <UniqueIdentifier>{93995380-89BD-4b04-88EB-625FBE52EBFB}</UniqueIdentifier>
      <Extensions>h;hh;hpp;hxx;h++;hm;inl;inc;ipp;xsd</Extensions>
    </Filter>
    <Filter Include="Файлы ресурсов">
      <UniqueIdentifier>{67DA6AB6-F800-4c08-8B7A-83BB121AAD01}</UniqueIdentifier>
      <Extensions>rc;ico;cur;bmp;dlg;rc2;rct;bin;rgs;gif;jpg;jpeg;jpe;resx;tiff;tif;png;wav;mfcribbon-ms</Extensions>
    </Filter>
    <Filter Include="Исходные файлы\week-1">
      <UniqueIdentifier>{8fa36f40-aa4e-4d0a-9bf8-11ce1c2a1def}</UniqueIdentifier>
    </Filter>
    <Filter Include="Исходные файлы\week-1\task-1">
      <UniqueIdentifier>{d00cd341-2d38-47fb-bb08-1be504681eec}</UniqueIdentifier>
    </Filter>
    <Filter Include="Исходные файлы\week-1\task-2">
      <UniqueIdentifier>{696cbf6a-0981-4cf2-a2c6-772738eae157}</UniqueIdentifier>
    </Filter>
    <Filter Include="Исходные файлы\week-1\task-3">
      <UniqueIdentifier>{505b355a-71d5-42b3-9bcc-3254204b14d9}</UniqueIdentifier>
    </Filter>
    <Filter Include="Исходные файлы\week-1\task-4">
      <UniqueIdentifier>{bd911c8a-6a68-4bc2-a1f6-6292fc8fc197}</UniqueIdentifier>
    </Filter>
    <Filter Include="Исходные файлы\hw-2">
      <UniqueIdentifier>{3caacdf3-e669-4a72-a74f-a84d1244ee8f}</UniqueIdentifier>
    </Filter>
    <Filter Include="Исходные файлы\hw-2\task-2">
      <UniqueIdentifier>{4cc18ff8-3a07-4fdd-b8c0-f56f914481de}</UniqueIdentifier>
    </Filter>
    <Filter Include="Исходные файлы\hw-2\task-5">
      <UniqueIdentifier>{cf1c1e66-395d-479b-aa62-ad623c90e466}</UniqueIdentifier>
    </Filter>
    <Filter Include="Исходные файлы\hw-2\task-3">
      <UniqueIdentifier>{b718e727-8958-4900-b1c0-a7fdf07465e5}</UniqueIdentifier>
    </Filter>
    <Filter Include="Исходные файлы\hw-2\task-1">
      <UniqueIdentifier>{d4f9019f-e725-4808-9aeb-1ea15c533f53}</UniqueIdentifier>
    </Filter>
    <Filter Include="Исходные файлы\hw-2\task-4">
      <UniqueIdentifier>{e62c3671-f574-49ac-bd76-4f3e495bed87}</UniqueIdentifier>
    </Filter>
    <Filter Include="Исходные файлы\hw-3">
      <UniqueIdentifier>{ee831240-f78a-4100-80b4-02b1caf81e38}</UniqueIdentifier>
    </Filter>
    <Filter Include="Исходные файлы\hw-3\task-5">
      <UniqueIdentifier>{df017043-36b3-4a81-986a-7e63191bd28a}</UniqueIdentifier>
    </Filter>
    <Filter Include="Исходные файлы\hw-3\task-1">
      <UniqueIdentifier>{0364f25a-8b28-4713-b257-202abb1de4f1}</UniqueIdentifier>
    </Filter>
  </ItemGroup>
  <ItemGroup>
    <ClCompile Include="source.cpp">
      <Filter>Исходные файлы</Filter>
    </ClCompile>
    <ClCompile Include="task\week-1\task-1\w1t1.cpp">
      <Filter>Исходные файлы\week-1\task-1</Filter>
    </ClCompile>
    <ClCompile Include="task\week-1\task-3\w1t3.cpp">
      <Filter>Исходные файлы\week-1\task-3</Filter>
    </ClCompile>
    <ClCompile Include="task\week-1\task-2\W1T2.cpp">
      <Filter>Исходные файлы\week-1\task-2</Filter>
    </ClCompile>
    <ClCompile Include="task\week-1\task-4\w1t4.cpp">
      <Filter>Исходные файлы\week-1\task-4</Filter>
    </ClCompile>
    <ClCompile Include="task\hw-2\task-2\w2t2.cpp">
      <Filter>Исходные файлы\hw-2\task-2</Filter>
    </ClCompile>
    <ClCompile Include="task\hw-2\task-3\w2t3.cpp">
      <Filter>Исходные файлы\hw-2\task-3</Filter>
    </ClCompile>
    <ClCompile Include="task\hw-2\task-1\W2T1.cpp">
      <Filter>Исходные файлы\hw-2\task-1</Filter>
    </ClCompile>
    <ClCompile Include="task\hw-2\task-5\w2t5_correct.cpp">
      <Filter>Исходные файлы\hw-2\task-5</Filter>
    </ClCompile>
    <ClCompile Include="task\hw-2\task-4\w2t4.cpp">
      <Filter>Исходные файлы\hw-2\task-4</Filter>
    </ClCompile>
    <ClCompile Include="task\hw-3\task-5\W3T5.cpp">
      <Filter>Исходные файлы\hw-3\task-5</Filter>
    </ClCompile>
    <ClCompile Include="task\hw-3\task-1\W3T1.cpp">
      <Filter>Исходные файлы\hw-3\task-1</Filter>
    </ClCompile>
  </ItemGroup>
  <ItemGroup>
    <ClInclude Include="task\week-1\task-1\w1t1.h">
      <Filter>Исходные файлы\week-1\task-1</Filter>
    </ClInclude>
    <ClInclude Include="task\week-1\task-3\w1t3.h">
      <Filter>Исходные файлы\week-1\task-3</Filter>
    </ClInclude>
    <ClInclude Include="task\week-1\task-2\W1T2.h">
      <Filter>Исходные файлы\week-1\task-2</Filter>
    </ClInclude>
    <ClInclude Include="task\week-1\task-4\w1t4.h">
      <Filter>Исходные файлы\week-1\task-4</Filter>
    </ClInclude>
    <ClInclude Include="task\hw-2\task-2\w2t2.hpp">
      <Filter>Исходные файлы\hw-2\task-2</Filter>
    </ClInclude>
    <ClInclude Include="task\hw-2\task-3\w2t3.hpp">
      <Filter>Исходные файлы\hw-2\task-3</Filter>
    </ClInclude>
    <ClInclude Include="task\hw-2\task-1\W2T1.hpp">
      <Filter>Исходные файлы\hw-2\task-1</Filter>
    </ClInclude>
    <ClInclude Include="task\hw-2\task-5\w2t5_correct.hpp">
      <Filter>Исходные файлы\hw-2\task-5</Filter>
    </ClInclude>
    <ClInclude Include="task\hw-2\task-4\w2t4.hpp">
      <Filter>Исходные файлы\hw-2\task-4</Filter>
    </ClInclude>
    <ClInclude Include="test.h">
      <Filter>Исходные файлы</Filter>
    </ClInclude>
    <ClInclude Include="task\hw-3\task-5\W3T5.h">
      <Filter>Исходные файлы\hw-3\task-5</Filter>
    </ClInclude>
    <ClInclude Include="task\hw-3\task-1\W3T1.hpp">
      <Filter>Исходные файлы\hw-3\task-1</Filter>
    </ClInclude>
  </ItemGroup>
</Project>