<?xml version="1.0" encoding="utf-8"?>
<Project ToolsVersion="4.0" xmlns="http://schemas.microsoft.com/developer/msbuild/2003">
  <ItemGroup>
    <Filter Include="Исходные файлы">
      <UniqueIdentifier>{4FC737F1-C7A5-4376-A066-2A32D752A2FF}</UniqueIdentifier>
      <Extensions>cpp;c;cc;cxx;c++;cppm;ixx;def;odl;idl;hpj;bat;asm;asmx</Extensions>
    </Filter>
    <Filter Include="Файлы заголовков">
      <UniqueIdentifier>{93995380-89BD-4b04-88EB-625FBE52EBFB}</UniqueIdentifier>
      <Extensions>h;hh;hpp;hxx;h++;hm;inl;inc;ipp;xsd</Extensions>
    </Filter>
    <Filter Include="Файлы ресурсов">
      <UniqueIdentifier>{67DA6AB6-F800-4c08-8B7A-83BB121AAD01}</UniqueIdentifier>
      <Extensions>rc;ico;cur;bmp;dlg;rc2;rct;bin;rgs;gif;jpg;jpeg;jpe;resx;tiff;tif;png;wav;mfcribbon-ms</Extensions>
    </Filter>
    <Filter Include="Исходные файлы\week-1">
      <UniqueIdentifier>{8fa36f40-aa4e-4d0a-9bf8-11ce1c2a1def}</UniqueIdentifier>
    </Filter>
    <Filter Include="Исходные файлы\week-1\task-1">
      <UniqueIdentifier>{d00cd341-2d38-47fb-bb08-1be504681eec}</UniqueIdentifier>
    </Filter>
    <Filter Include="Исходные файлы\week-1\task-2">
      <UniqueIdentifier>{696cbf6a-0981-4cf2-a2c6-772738eae157}</UniqueIdentifier>
    </Filter>
    <Filter Include="Исходные файлы\week-1\task-3">
      <UniqueIdentifier>{505b355a-71d5-42b3-9bcc-3254204b14d9}</UniqueIdentifier>
    </Filter>
    <Filter Include="Исходные файлы\week-1\task-4">
      <UniqueIdentifier>{bd911c8a-6a68-4bc2-a1f6-6292fc8fc197}</UniqueIdentifier>
    </Filter>
  </ItemGroup>
  <ItemGroup>
    <ClCompile Include="source.cpp">
      <Filter>Исходные файлы</Filter>
    </ClCompile>
    <ClCompile Include="task\week-1\task-1\w1t1.cpp">
      <Filter>Исходные файлы\week-1\task-1</Filter>
    </ClCompile>
    <ClCompile Include="task\week-1\task-3\w1t3.cpp">
      <Filter>Исходные файлы\week-1\task-3</Filter>
    </ClCompile>
    <ClCompile Include="task\week-1\task-2\W1T2.cpp">
      <Filter>Исходные файлы\week-1\task-2</Filter>
    </ClCompile>
    <ClCompile Include="task\week-1\task-4\w1t4.cpp">
      <Filter>Исходные файлы\week-1\task-4</Filter>
    </ClCompile>
    <ClCompile Include="task\week-1\task-1\source.cpp">
      <Filter>Исходные файлы\week-1\task-1</Filter>
    </ClCompile>
  </ItemGroup>
  <ItemGroup>
    <ClInclude Include="test.h">
      <Filter>Файлы заголовков</Filter>
    </ClInclude>
    <ClInclude Include="task\week-1\task-1\w1t1.h">
      <Filter>Исходные файлы\week-1\task-1</Filter>
    </ClInclude>
    <ClInclude Include="task\week-1\task-3\w1t3.h">
      <Filter>Исходные файлы\week-1\task-3</Filter>
    </ClInclude>
    <ClInclude Include="task\week-1\task-2\W1T2.h">
      <Filter>Исходные файлы\week-1\task-2</Filter>
    </ClInclude>
    <ClInclude Include="task\week-1\task-4\w1t4.h">
      <Filter>Исходные файлы\week-1\task-4</Filter>
    </ClInclude>
  </ItemGroup>
</Project>